
Microsoft Visual Studio Solution File, Format Version 12.00
# Visual Studio Version 16
VisualStudioVersion = 16.0.30517.126
MinimumVisualStudioVersion = 10.0.40219.1
Project("{FAE04EC0-301F-11D3-BF4B-00C04F79EFBC}") = "Localiza.Challange.Dividers", "Localiza.Challange.Dividers.csproj", "{C05ED360-8976-4A47-A2FD-378601114F95}"
EndProject
Global
	GlobalSection(SolutionConfigurationPlatforms) = preSolution
		Debug|Any CPU = Debug|Any CPU
		Release|Any CPU = Release|Any CPU
	EndGlobalSection
	GlobalSection(ProjectConfigurationPlatforms) = postSolution
		{C05ED360-8976-4A47-A2FD-378601114F95}.Debug|Any CPU.ActiveCfg = Debug|Any CPU
		{C05ED360-8976-4A47-A2FD-378601114F95}.Debug|Any CPU.Build.0 = Debug|Any CPU
		{C05ED360-8976-4A47-A2FD-378601114F95}.Release|Any CPU.ActiveCfg = Release|Any CPU
		{C05ED360-8976-4A47-A2FD-378601114F95}.Release|Any CPU.Build.0 = Release|Any CPU
	EndGlobalSection
	GlobalSection(SolutionProperties) = preSolution
		HideSolutionNode = FALSE
	EndGlobalSection
	GlobalSection(ExtensibilityGlobals) = postSolution
		SolutionGuid = {7868B984-A18B-41A7-9D53-F878E364BCF4}
	EndGlobalSection
EndGlobal
